
Microsoft Visual Studio Solution File, Format Version 12.00
# Visual Studio Version 17
VisualStudioVersion = 17.7.34009.444
MinimumVisualStudioVersion = 10.0.40219.1
Project("{9A19103F-16F7-4668-BE54-9A1E7A4F7556}") = "MyMathProject", "MyMathProject.csproj", "{2DF79EA7-57C0-4749-949A-1612D282E6C5}"
EndProject
Project("{9A19103F-16F7-4668-BE54-9A1E7A4F7556}") = "Instanzvariablen", "..\Instanzvariablen\Instanzvariablen.csproj", "{F7B731CD-A080-4A3B-96F3-C05CD2AD8322}"
EndProject
Project("{9A19103F-16F7-4668-BE54-9A1E7A4F7556}") = "Encapusaltion_Project", "..\Encapusaltion_Project\Encapusaltion_Project.csproj", "{745D243D-C209-49EC-A775-D25DEE2CD4BA}"
EndProject
Project("{FAE04EC0-301F-11D3-BF4B-00C04F79EFBC}") = "Association_Task", "..\Association_Task\Association_Task.csproj", "{1FFC37CC-9302-4994-8DC3-841370D57D24}"
EndProject
Project("{FAE04EC0-301F-11D3-BF4B-00C04F79EFBC}") = "Aggregation_Task", "..\Aggregation_Task\Aggregation_Task.csproj", "{9069C3A3-FF0A-4E06-B22B-EC9E75850AA9}"
EndProject
Project("{FAE04EC0-301F-11D3-BF4B-00C04F79EFBC}") = "Composition_Task", "..\Composition_Task\Composition_Task.csproj", "{7D24F792-6FDC-4FFF-8F74-9A778114B3C9}"
EndProject
Global
	GlobalSection(SolutionConfigurationPlatforms) = preSolution
		Debug|Any CPU = Debug|Any CPU
		Release|Any CPU = Release|Any CPU
	EndGlobalSection
	GlobalSection(ProjectConfigurationPlatforms) = postSolution
		{2DF79EA7-57C0-4749-949A-1612D282E6C5}.Debug|Any CPU.ActiveCfg = Debug|Any CPU
		{2DF79EA7-57C0-4749-949A-1612D282E6C5}.Debug|Any CPU.Build.0 = Debug|Any CPU
		{2DF79EA7-57C0-4749-949A-1612D282E6C5}.Release|Any CPU.ActiveCfg = Release|Any CPU
		{2DF79EA7-57C0-4749-949A-1612D282E6C5}.Release|Any CPU.Build.0 = Release|Any CPU
		{F7B731CD-A080-4A3B-96F3-C05CD2AD8322}.Debug|Any CPU.ActiveCfg = Debug|Any CPU
		{F7B731CD-A080-4A3B-96F3-C05CD2AD8322}.Debug|Any CPU.Build.0 = Debug|Any CPU
		{F7B731CD-A080-4A3B-96F3-C05CD2AD8322}.Release|Any CPU.ActiveCfg = Release|Any CPU
		{F7B731CD-A080-4A3B-96F3-C05CD2AD8322}.Release|Any CPU.Build.0 = Release|Any CPU
		{745D243D-C209-49EC-A775-D25DEE2CD4BA}.Debug|Any CPU.ActiveCfg = Debug|Any CPU
		{745D243D-C209-49EC-A775-D25DEE2CD4BA}.Debug|Any CPU.Build.0 = Debug|Any CPU
		{745D243D-C209-49EC-A775-D25DEE2CD4BA}.Release|Any CPU.ActiveCfg = Release|Any CPU
		{745D243D-C209-49EC-A775-D25DEE2CD4BA}.Release|Any CPU.Build.0 = Release|Any CPU
		{1FFC37CC-9302-4994-8DC3-841370D57D24}.Debug|Any CPU.ActiveCfg = Debug|Any CPU
		{1FFC37CC-9302-4994-8DC3-841370D57D24}.Debug|Any CPU.Build.0 = Debug|Any CPU
		{1FFC37CC-9302-4994-8DC3-841370D57D24}.Release|Any CPU.ActiveCfg = Release|Any CPU
		{1FFC37CC-9302-4994-8DC3-841370D57D24}.Release|Any CPU.Build.0 = Release|Any CPU
		{9069C3A3-FF0A-4E06-B22B-EC9E75850AA9}.Debug|Any CPU.ActiveCfg = Debug|Any CPU
		{9069C3A3-FF0A-4E06-B22B-EC9E75850AA9}.Debug|Any CPU.Build.0 = Debug|Any CPU
		{9069C3A3-FF0A-4E06-B22B-EC9E75850AA9}.Release|Any CPU.ActiveCfg = Release|Any CPU
		{9069C3A3-FF0A-4E06-B22B-EC9E75850AA9}.Release|Any CPU.Build.0 = Release|Any CPU
		{7D24F792-6FDC-4FFF-8F74-9A778114B3C9}.Debug|Any CPU.ActiveCfg = Debug|Any CPU
		{7D24F792-6FDC-4FFF-8F74-9A778114B3C9}.Debug|Any CPU.Build.0 = Debug|Any CPU
		{7D24F792-6FDC-4FFF-8F74-9A778114B3C9}.Release|Any CPU.ActiveCfg = Release|Any CPU
		{7D24F792-6FDC-4FFF-8F74-9A778114B3C9}.Release|Any CPU.Build.0 = Release|Any CPU
	EndGlobalSection
	GlobalSection(SolutionProperties) = preSolution
		HideSolutionNode = FALSE
	EndGlobalSection
	GlobalSection(ExtensibilityGlobals) = postSolution
		SolutionGuid = {9A905020-1604-4CA4-B659-AC316F09B896}
	EndGlobalSection
EndGlobal
