
Microsoft Visual Studio Solution File, Format Version 12.00
# Visual Studio Version 17
VisualStudioVersion = 17.8.34309.116
MinimumVisualStudioVersion = 10.0.40219.1
Project("{FAE04EC0-301F-11D3-BF4B-00C04F79EFBC}") = "SortAlgo", "SortAlgo.csproj", "{4ACC89EF-1FC1-4478-842A-08E44506B405}"
EndProject
Global
	GlobalSection(SolutionConfigurationPlatforms) = preSolution
		Debug|Any CPU = Debug|Any CPU
		Release|Any CPU = Release|Any CPU
	EndGlobalSection
	GlobalSection(ProjectConfigurationPlatforms) = postSolution
		{4ACC89EF-1FC1-4478-842A-08E44506B405}.Debug|Any CPU.ActiveCfg = Debug|Any CPU
		{4ACC89EF-1FC1-4478-842A-08E44506B405}.Debug|Any CPU.Build.0 = Debug|Any CPU
		{4ACC89EF-1FC1-4478-842A-08E44506B405}.Release|Any CPU.ActiveCfg = Release|Any CPU
		{4ACC89EF-1FC1-4478-842A-08E44506B405}.Release|Any CPU.Build.0 = Release|Any CPU
	EndGlobalSection
	GlobalSection(SolutionProperties) = preSolution
		HideSolutionNode = FALSE
	EndGlobalSection
	GlobalSection(ExtensibilityGlobals) = postSolution
		SolutionGuid = {118E64CB-5015-4309-9587-34D1E77F9A09}
	EndGlobalSection
EndGlobal
